
Microsoft Visual Studio Solution File, Format Version 12.00
# Visual Studio 15
VisualStudioVersion = 15.0.27428.2043
MinimumVisualStudioVersion = 10.0.40219.1
Project("{FAE04EC0-301F-11D3-BF4B-00C04F79EFBC}") = "TanksWF", "TanksWF\TanksWF.csproj", "{EC41FCD6-D81D-44A1-A6CB-152437EB82E0}"
EndProject
Project("{2150E333-8FDC-42A3-9474-1A3956D46DE8}") = "Logic", "Logic", "{8792D5E2-840D-42E1-861B-FA780AB3E0C1}"
EndProject
Project("{2150E333-8FDC-42A3-9474-1A3956D46DE8}") = "Shared", "Shared", "{A96730E2-E558-44D0-A929-3881A176D437}"
EndProject
Project("{FAE04EC0-301F-11D3-BF4B-00C04F79EFBC}") = "ClassLibrary", "ClassLibrary\ClassLibrary.csproj", "{69C96A9D-00F4-4C38-AC20-CD43EA803E45}"
EndProject
Project("{FAE04EC0-301F-11D3-BF4B-00C04F79EFBC}") = "Logic", "Logic\Logic.csproj", "{CC470E59-2AB3-4A86-9A12-5156F043219B}"
EndProject
Global
	GlobalSection(SolutionConfigurationPlatforms) = preSolution
		Debug|Any CPU = Debug|Any CPU
		Debug|ARM = Debug|ARM
		Debug|x64 = Debug|x64
		Debug|x86 = Debug|x86
		Release|Any CPU = Release|Any CPU
		Release|ARM = Release|ARM
		Release|x64 = Release|x64
		Release|x86 = Release|x86
	EndGlobalSection
	GlobalSection(ProjectConfigurationPlatforms) = postSolution
		{EC41FCD6-D81D-44A1-A6CB-152437EB82E0}.Debug|Any CPU.ActiveCfg = Debug|Any CPU
		{EC41FCD6-D81D-44A1-A6CB-152437EB82E0}.Debug|Any CPU.Build.0 = Debug|Any CPU
		{EC41FCD6-D81D-44A1-A6CB-152437EB82E0}.Debug|ARM.ActiveCfg = Debug|Any CPU
		{EC41FCD6-D81D-44A1-A6CB-152437EB82E0}.Debug|ARM.Build.0 = Debug|Any CPU
		{EC41FCD6-D81D-44A1-A6CB-152437EB82E0}.Debug|x64.ActiveCfg = Debug|Any CPU
		{EC41FCD6-D81D-44A1-A6CB-152437EB82E0}.Debug|x64.Build.0 = Debug|Any CPU
		{EC41FCD6-D81D-44A1-A6CB-152437EB82E0}.Debug|x86.ActiveCfg = Debug|Any CPU
		{EC41FCD6-D81D-44A1-A6CB-152437EB82E0}.Debug|x86.Build.0 = Debug|Any CPU
		{EC41FCD6-D81D-44A1-A6CB-152437EB82E0}.Release|Any CPU.ActiveCfg = Release|Any CPU
		{EC41FCD6-D81D-44A1-A6CB-152437EB82E0}.Release|Any CPU.Build.0 = Release|Any CPU
		{EC41FCD6-D81D-44A1-A6CB-152437EB82E0}.Release|ARM.ActiveCfg = Release|Any CPU
		{EC41FCD6-D81D-44A1-A6CB-152437EB82E0}.Release|ARM.Build.0 = Release|Any CPU
		{EC41FCD6-D81D-44A1-A6CB-152437EB82E0}.Release|x64.ActiveCfg = Release|Any CPU
		{EC41FCD6-D81D-44A1-A6CB-152437EB82E0}.Release|x64.Build.0 = Release|Any CPU
		{EC41FCD6-D81D-44A1-A6CB-152437EB82E0}.Release|x86.ActiveCfg = Release|Any CPU
		{EC41FCD6-D81D-44A1-A6CB-152437EB82E0}.Release|x86.Build.0 = Release|Any CPU
		{69C96A9D-00F4-4C38-AC20-CD43EA803E45}.Debug|Any CPU.ActiveCfg = Debug|Any CPU
		{69C96A9D-00F4-4C38-AC20-CD43EA803E45}.Debug|Any CPU.Build.0 = Debug|Any CPU
		{69C96A9D-00F4-4C38-AC20-CD43EA803E45}.Debug|ARM.ActiveCfg = Debug|Any CPU
		{69C96A9D-00F4-4C38-AC20-CD43EA803E45}.Debug|ARM.Build.0 = Debug|Any CPU
		{69C96A9D-00F4-4C38-AC20-CD43EA803E45}.Debug|x64.ActiveCfg = Debug|Any CPU
		{69C96A9D-00F4-4C38-AC20-CD43EA803E45}.Debug|x64.Build.0 = Debug|Any CPU
		{69C96A9D-00F4-4C38-AC20-CD43EA803E45}.Debug|x86.ActiveCfg = Debug|Any CPU
		{69C96A9D-00F4-4C38-AC20-CD43EA803E45}.Debug|x86.Build.0 = Debug|Any CPU
		{69C96A9D-00F4-4C38-AC20-CD43EA803E45}.Release|Any CPU.ActiveCfg = Release|Any CPU
		{69C96A9D-00F4-4C38-AC20-CD43EA803E45}.Release|Any CPU.Build.0 = Release|Any CPU
		{69C96A9D-00F4-4C38-AC20-CD43EA803E45}.Release|ARM.ActiveCfg = Release|Any CPU
		{69C96A9D-00F4-4C38-AC20-CD43EA803E45}.Release|ARM.Build.0 = Release|Any CPU
		{69C96A9D-00F4-4C38-AC20-CD43EA803E45}.Release|x64.ActiveCfg = Release|Any CPU
		{69C96A9D-00F4-4C38-AC20-CD43EA803E45}.Release|x64.Build.0 = Release|Any CPU
		{69C96A9D-00F4-4C38-AC20-CD43EA803E45}.Release|x86.ActiveCfg = Release|Any CPU
		{69C96A9D-00F4-4C38-AC20-CD43EA803E45}.Release|x86.Build.0 = Release|Any CPU
		{CC470E59-2AB3-4A86-9A12-5156F043219B}.Debug|Any CPU.ActiveCfg = Debug|Any CPU
		{CC470E59-2AB3-4A86-9A12-5156F043219B}.Debug|Any CPU.Build.0 = Debug|Any CPU
		{CC470E59-2AB3-4A86-9A12-5156F043219B}.Debug|ARM.ActiveCfg = Debug|Any CPU
		{CC470E59-2AB3-4A86-9A12-5156F043219B}.Debug|ARM.Build.0 = Debug|Any CPU
		{CC470E59-2AB3-4A86-9A12-5156F043219B}.Debug|x64.ActiveCfg = Debug|Any CPU
		{CC470E59-2AB3-4A86-9A12-5156F043219B}.Debug|x64.Build.0 = Debug|Any CPU
		{CC470E59-2AB3-4A86-9A12-5156F043219B}.Debug|x86.ActiveCfg = Debug|Any CPU
		{CC470E59-2AB3-4A86-9A12-5156F043219B}.Debug|x86.Build.0 = Debug|Any CPU
		{CC470E59-2AB3-4A86-9A12-5156F043219B}.Release|Any CPU.ActiveCfg = Release|Any CPU
		{CC470E59-2AB3-4A86-9A12-5156F043219B}.Release|Any CPU.Build.0 = Release|Any CPU
		{CC470E59-2AB3-4A86-9A12-5156F043219B}.Release|ARM.ActiveCfg = Release|Any CPU
		{CC470E59-2AB3-4A86-9A12-5156F043219B}.Release|ARM.Build.0 = Release|Any CPU
		{CC470E59-2AB3-4A86-9A12-5156F043219B}.Release|x64.ActiveCfg = Release|Any CPU
		{CC470E59-2AB3-4A86-9A12-5156F043219B}.Release|x64.Build.0 = Release|Any CPU
		{CC470E59-2AB3-4A86-9A12-5156F043219B}.Release|x86.ActiveCfg = Release|Any CPU
		{CC470E59-2AB3-4A86-9A12-5156F043219B}.Release|x86.Build.0 = Release|Any CPU
	EndGlobalSection
	GlobalSection(SolutionProperties) = preSolution
		HideSolutionNode = FALSE
	EndGlobalSection
	GlobalSection(NestedProjects) = preSolution
		{69C96A9D-00F4-4C38-AC20-CD43EA803E45} = {A96730E2-E558-44D0-A929-3881A176D437}
		{CC470E59-2AB3-4A86-9A12-5156F043219B} = {8792D5E2-840D-42E1-861B-FA780AB3E0C1}
	EndGlobalSection
	GlobalSection(ExtensibilityGlobals) = postSolution
		SolutionGuid = {703113A6-1E3E-4518-8B81-1EB7B6CABD43}
	EndGlobalSection
EndGlobal
